{
  "version": 4,
  "terraform_version": "1.1.2",
  "serial": 479,
  "lineage": "33ce90a9-0ca9-b5b2-f1b3-1c2543f9562d",
  "outputs": {},
  "resources": [
    {
      "mode": "managed",
      "type": "aws_elasticache_parameter_group",
      "name": "wordpress-cluster",
      "provider": "provider[\"registry.terraform.io/hashicorp/aws\"]",
      "instances": [
        {
          "schema_version": 0,
          "attributes": {
            "arn": "arn:aws:elasticache:us-east-1:640138429565:parametergroup:wordpress-cluster",
            "description": "Managed by Terraform",
            "family": "memcached1.6",
            "id": "wordpress-cluster",
            "name": "wordpress-cluster",
            "parameter": [
              {
                "name": "max_item_size",
                "value": "10485760"
              }
            ],
            "tags": {},
            "tags_all": {}
          },
          "sensitive_attributes": [],
          "private": "bnVsbA=="
        }
      ]
    },
    {
      "mode": "managed",
      "type": "aws_elasticache_subnet_group",
      "name": "private-1c-data",
      "provider": "provider[\"registry.terraform.io/hashicorp/aws\"]",
      "instances": [
        {
          "schema_version": 0,
          "attributes": {
            "arn": "arn:aws:elasticache:us-east-1:640138429565:subnetgroup:private-1c-data",
            "description": "Managed by Terraform",
            "id": "private-1c-data",
            "name": "private-1c-data",
            "subnet_ids": [
              "subnet-0dbcd7843bde16bbc"
            ],
            "tags": {},
            "tags_all": {}
          },
          "sensitive_attributes": [],
          "private": "bnVsbA==",
          "dependencies": [
            "aws_subnet.wordpress-private-1c",
            "aws_vpc.harrydowsettresume_wordpress"
          ]
        }
      ]
    },
    {
      "mode": "managed",
      "type": "aws_elasticache_subnet_group",
      "name": "private-1d-data",
      "provider": "provider[\"registry.terraform.io/hashicorp/aws\"]",
      "instances": [
        {
          "schema_version": 0,
          "attributes": {
            "arn": "arn:aws:elasticache:us-east-1:640138429565:subnetgroup:private-1d-data",
            "description": "Managed by Terraform",
            "id": "private-1d-data",
            "name": "private-1d-data",
            "subnet_ids": [
              "subnet-06e60ccd4a58c2e1b"
            ],
            "tags": {},
            "tags_all": {}
          },
          "sensitive_attributes": [],
          "private": "bnVsbA==",
          "dependencies": [
            "aws_subnet.wordpress-private-1d",
            "aws_vpc.harrydowsettresume_wordpress"
          ]
        }
      ]
    },
    {
      "mode": "managed",
      "type": "aws_internet_gateway",
      "name": "harrydowsettresume",
      "provider": "provider[\"registry.terraform.io/hashicorp/aws\"]",
      "instances": [
        {
          "schema_version": 0,
          "attributes": {
            "arn": "arn:aws:ec2:us-east-1:640138429565:internet-gateway/igw-054fecb576aed8645",
            "id": "igw-054fecb576aed8645",
            "owner_id": "640138429565",
            "tags": {
              "Name": "Wordpress Arch"
            },
            "tags_all": {
              "Name": "Wordpress Arch"
            },
            "vpc_id": "vpc-03cf30c6f83a5be9f"
          },
          "sensitive_attributes": [],
          "private": "bnVsbA==",
          "dependencies": [
            "aws_vpc.harrydowsettresume_wordpress"
          ],
          "create_before_destroy": true
        }
      ]
    },
    {
      "mode": "managed",
      "type": "aws_lb",
      "name": "frontends",
      "provider": "provider[\"registry.terraform.io/hashicorp/aws\"]",
      "instances": [
        {
          "schema_version": 0,
          "attributes": {
            "access_logs": [
              {
                "bucket": "harrydowsettresume-logs-stage",
                "enabled": true,
                "prefix": "frontends"
              }
            ],
            "arn": "arn:aws:elasticloadbalancing:us-east-1:640138429565:loadbalancer/app/Edge-frontends/3399c4514dae1616",
            "arn_suffix": "app/Edge-frontends/3399c4514dae1616",
            "customer_owned_ipv4_pool": "",
            "desync_mitigation_mode": "defensive",
            "dns_name": "Edge-frontends-2093004365.us-east-1.elb.amazonaws.com",
            "drop_invalid_header_fields": false,
            "enable_cross_zone_load_balancing": null,
            "enable_deletion_protection": true,
            "enable_http2": true,
            "enable_waf_fail_open": false,
            "id": "arn:aws:elasticloadbalancing:us-east-1:640138429565:loadbalancer/app/Edge-frontends/3399c4514dae1616",
            "idle_timeout": 60,
            "internal": false,
            "ip_address_type": "ipv4",
            "load_balancer_type": "application",
            "name": "Edge-frontends",
            "name_prefix": null,
            "security_groups": [
              "sg-06e670a343910d656"
            ],
            "subnet_mapping": [
              {
                "allocation_id": "",
                "ipv6_address": "",
                "outpost_id": "",
                "private_ipv4_address": "",
                "subnet_id": "subnet-04a614f3985985d9b"
              },
              {
                "allocation_id": "",
                "ipv6_address": "",
                "outpost_id": "",
                "private_ipv4_address": "",
                "subnet_id": "subnet-0ceed6153241846cd"
              }
            ],
            "subnets": [
              "subnet-04a614f3985985d9b",
              "subnet-0ceed6153241846cd"
            ],
            "tags": {
              "Environment": "production"
            },
            "tags_all": {
              "Environment": "production"
            },
            "timeouts": null,
            "vpc_id": "vpc-03cf30c6f83a5be9f",
            "zone_id": "Z35SXDOTRQ7X7K"
          },
          "sensitive_attributes": [],
          "private": "eyJlMmJmYjczMC1lY2FhLTExZTYtOGY4OC0zNDM2M2JjN2M0YzAiOnsiY3JlYXRlIjo2MDAwMDAwMDAwMDAsImRlbGV0ZSI6NjAwMDAwMDAwMDAwLCJ1cGRhdGUiOjYwMDAwMDAwMDAwMH19",
          "dependencies": [
            "aws_security_group.DEVOPS_ADMIN",
            "aws_security_group.edge-frontends-alb",
            "aws_subnet.wordpress-public-1a",
            "aws_subnet.wordpress-public-1b",
            "aws_vpc.harrydowsettresume_wordpress"
          ]
        }
      ]
    },
    {
      "mode": "managed",
      "type": "aws_s3_bucket",
      "name": "harrydowsettresume",
      "provider": "provider[\"registry.terraform.io/hashicorp/aws\"]",
      "instances": [
        {
          "schema_version": 0,
          "attributes": {
            "acceleration_status": "",
            "acl": "private",
            "arn": "arn:aws:s3:::harrydowsettresume",
            "bucket": "harrydowsettresume",
            "bucket_domain_name": "harrydowsettresume.s3.amazonaws.com",
            "bucket_prefix": null,
            "bucket_regional_domain_name": "harrydowsettresume.s3.amazonaws.com",
            "cors_rule": [],
            "force_destroy": false,
            "grant": [],
            "hosted_zone_id": "Z3AQBSTGFYJSTF",
            "id": "harrydowsettresume",
            "lifecycle_rule": [],
            "logging": [],
            "object_lock_configuration": [],
            "object_lock_enabled": false,
            "policy": null,
            "region": "us-east-1",
            "replication_configuration": [],
            "request_payer": "BucketOwner",
            "server_side_encryption_configuration": [],
            "tags": {
              "Environment": "Prod",
              "Name": "wordpress-images"
            },
            "tags_all": {
              "Environment": "Prod",
              "Name": "wordpress-images"
            },
            "versioning": [
              {
                "enabled": false,
                "mfa_delete": false
              }
            ],
            "website": [],
            "website_domain": null,
            "website_endpoint": null
          },
          "sensitive_attributes": [],
          "private": "bnVsbA=="
        }
      ]
    },
    {
      "mode": "managed",
      "type": "aws_security_group",
      "name": "DEVOPS_ADMIN",
      "provider": "provider[\"registry.terraform.io/hashicorp/aws\"]",
      "instances": [
        {
          "schema_version": 1,
          "attributes": {
            "arn": "arn:aws:ec2:us-east-1:640138429565:security-group/sg-0c4741f5fafe932d5",
            "description": "Security group for DEVOPS_ADMIN access",
            "egress": [
              {
                "cidr_blocks": [
                  "0.0.0.0/0"
                ],
                "description": "",
                "from_port": 0,
                "ipv6_cidr_blocks": [],
                "prefix_list_ids": [],
                "protocol": "-1",
                "security_groups": [],
                "self": false,
                "to_port": 0
              }
            ],
            "id": "sg-0c4741f5fafe932d5",
            "ingress": [
              {
                "cidr_blocks": [
                  "94.10.139.22/32"
                ],
                "description": "",
                "from_port": -1,
                "ipv6_cidr_blocks": [],
                "prefix_list_ids": [],
                "protocol": "icmp",
                "security_groups": [],
                "self": true,
                "to_port": -1
              },
              {
                "cidr_blocks": [
                  "94.10.139.22/32"
                ],
                "description": "",
                "from_port": 22,
                "ipv6_cidr_blocks": [],
                "prefix_list_ids": [],
                "protocol": "tcp",
                "security_groups": [],
                "self": true,
                "to_port": 22
              }
            ],
            "name": "DEVOPS_ADMIN",
            "name_prefix": "",
            "owner_id": "640138429565",
            "revoke_rules_on_delete": false,
            "tags": {
              "Name": "DEVOPS_ADMIN access"
            },
            "tags_all": {
              "Name": "DEVOPS_ADMIN access"
            },
            "timeouts": null,
            "vpc_id": "vpc-03cf30c6f83a5be9f"
          },
          "sensitive_attributes": [],
          "private": "eyJlMmJmYjczMC1lY2FhLTExZTYtOGY4OC0zNDM2M2JjN2M0YzAiOnsiY3JlYXRlIjo2MDAwMDAwMDAwMDAsImRlbGV0ZSI6OTAwMDAwMDAwMDAwfSwic2NoZW1hX3ZlcnNpb24iOiIxIn0=",
          "dependencies": [
            "aws_vpc.harrydowsettresume_wordpress"
          ],
          "create_before_destroy": true
        }
      ]
    },
    {
      "mode": "managed",
      "type": "aws_security_group",
      "name": "edge-frontends-alb",
      "provider": "provider[\"registry.terraform.io/hashicorp/aws\"]",
      "instances": [
        {
          "schema_version": 1,
          "attributes": {
            "arn": "arn:aws:ec2:us-east-1:640138429565:security-group/sg-06e670a343910d656",
            "description": "Security group for edge-frontends ALB",
            "egress": [
              {
                "cidr_blocks": [
                  "0.0.0.0/0"
                ],
                "description": "",
                "from_port": 0,
                "ipv6_cidr_blocks": [],
                "prefix_list_ids": [],
                "protocol": "-1",
                "security_groups": [],
                "self": false,
                "to_port": 0
              }
            ],
            "id": "sg-06e670a343910d656",
            "ingress": [
              {
                "cidr_blocks": [
                  "67.164.84.151/32"
                ],
                "description": "",
                "from_port": 443,
                "ipv6_cidr_blocks": [],
                "prefix_list_ids": [],
                "protocol": "tcp",
                "security_groups": [
                  "sg-0c4741f5fafe932d5"
                ],
                "self": false,
                "to_port": 443
              },
              {
                "cidr_blocks": [
                  "67.164.84.151/32"
                ],
                "description": "",
                "from_port": 80,
                "ipv6_cidr_blocks": [],
                "prefix_list_ids": [],
                "protocol": "tcp",
                "security_groups": [],
                "self": false,
                "to_port": 80
              },
              {
                "cidr_blocks": [],
                "description": "",
                "from_port": 80,
                "ipv6_cidr_blocks": [],
                "prefix_list_ids": [],
                "protocol": "tcp",
                "security_groups": [
                  "sg-0c4741f5fafe932d5"
                ],
                "self": false,
                "to_port": 80
              }
            ],
            "name": "edge-frontends-alb",
            "name_prefix": "",
            "owner_id": "640138429565",
            "revoke_rules_on_delete": false,
            "tags": {
              "Name": "harry_dowsett ALB"
            },
            "tags_all": {
              "Name": "harry_dowsett ALB"
            },
            "timeouts": null,
            "vpc_id": "vpc-03cf30c6f83a5be9f"
          },
          "sensitive_attributes": [],
          "private": "eyJlMmJmYjczMC1lY2FhLTExZTYtOGY4OC0zNDM2M2JjN2M0YzAiOnsiY3JlYXRlIjo2MDAwMDAwMDAwMDAsImRlbGV0ZSI6OTAwMDAwMDAwMDAwfSwic2NoZW1hX3ZlcnNpb24iOiIxIn0=",
          "dependencies": [
            "aws_security_group.DEVOPS_ADMIN",
            "aws_vpc.harrydowsettresume_wordpress"
          ],
          "create_before_destroy": true
        }
      ]
    },
    {
      "mode": "managed",
      "type": "aws_subnet",
      "name": "wordpress-private-1c",
      "provider": "provider[\"registry.terraform.io/hashicorp/aws\"]",
      "instances": [
        {
          "schema_version": 1,
          "attributes": {
            "arn": "arn:aws:ec2:us-east-1:640138429565:subnet/subnet-0dbcd7843bde16bbc",
            "assign_ipv6_address_on_creation": false,
            "availability_zone": "us-east-1a",
            "availability_zone_id": "use1-az1",
            "cidr_block": "10.11.5.0/24",
            "customer_owned_ipv4_pool": "",
            "enable_dns64": false,
            "enable_resource_name_dns_a_record_on_launch": false,
            "enable_resource_name_dns_aaaa_record_on_launch": false,
            "id": "subnet-0dbcd7843bde16bbc",
            "ipv6_cidr_block": "",
            "ipv6_cidr_block_association_id": "",
            "ipv6_native": false,
            "map_customer_owned_ip_on_launch": false,
            "map_public_ip_on_launch": false,
            "outpost_arn": "",
            "owner_id": "640138429565",
            "private_dns_hostname_type_on_launch": "ip-name",
            "tags": {
              "Name": "harrydowsettresume Private 1c Data"
            },
            "tags_all": {
              "Name": "harrydowsettresume Private 1c Data"
            },
            "timeouts": null,
            "vpc_id": "vpc-03cf30c6f83a5be9f"
          },
          "sensitive_attributes": [],
          "private": "eyJlMmJmYjczMC1lY2FhLTExZTYtOGY4OC0zNDM2M2JjN2M0YzAiOnsiY3JlYXRlIjo2MDAwMDAwMDAwMDAsImRlbGV0ZSI6MTIwMDAwMDAwMDAwMH0sInNjaGVtYV92ZXJzaW9uIjoiMSJ9",
          "dependencies": [
            "aws_vpc.harrydowsettresume_wordpress"
          ]
        }
      ]
    },
    {
      "mode": "managed",
      "type": "aws_subnet",
      "name": "wordpress-private-1d",
      "provider": "provider[\"registry.terraform.io/hashicorp/aws\"]",
      "instances": [
        {
          "schema_version": 1,
          "attributes": {
            "arn": "arn:aws:ec2:us-east-1:640138429565:subnet/subnet-06e60ccd4a58c2e1b",
            "assign_ipv6_address_on_creation": false,
            "availability_zone": "us-east-1b",
            "availability_zone_id": "use1-az2",
            "cidr_block": "10.11.6.0/24",
            "customer_owned_ipv4_pool": "",
            "enable_dns64": false,
            "enable_resource_name_dns_a_record_on_launch": false,
            "enable_resource_name_dns_aaaa_record_on_launch": false,
            "id": "subnet-06e60ccd4a58c2e1b",
            "ipv6_cidr_block": "",
            "ipv6_cidr_block_association_id": "",
            "ipv6_native": false,
            "map_customer_owned_ip_on_launch": false,
            "map_public_ip_on_launch": false,
            "outpost_arn": "",
            "owner_id": "640138429565",
            "private_dns_hostname_type_on_launch": "ip-name",
            "tags": {
              "Name": "harrydowsettresume Private 1d Data"
            },
            "tags_all": {
              "Name": "harrydowsettresume Private 1d Data"
            },
            "timeouts": null,
            "vpc_id": "vpc-03cf30c6f83a5be9f"
          },
          "sensitive_attributes": [],
          "private": "eyJlMmJmYjczMC1lY2FhLTExZTYtOGY4OC0zNDM2M2JjN2M0YzAiOnsiY3JlYXRlIjo2MDAwMDAwMDAwMDAsImRlbGV0ZSI6MTIwMDAwMDAwMDAwMH0sInNjaGVtYV92ZXJzaW9uIjoiMSJ9",
          "dependencies": [
            "aws_vpc.harrydowsettresume_wordpress"
          ]
        }
      ]
    },
    {
      "mode": "managed",
      "type": "aws_subnet",
      "name": "wordpress-public-1a",
      "provider": "provider[\"registry.terraform.io/hashicorp/aws\"]",
      "instances": [
        {
          "schema_version": 1,
          "attributes": {
            "arn": "arn:aws:ec2:us-east-1:640138429565:subnet/subnet-0ceed6153241846cd",
            "assign_ipv6_address_on_creation": false,
            "availability_zone": "us-east-1a",
            "availability_zone_id": "use1-az1",
            "cidr_block": "10.11.3.0/24",
            "customer_owned_ipv4_pool": "",
            "enable_dns64": false,
            "enable_resource_name_dns_a_record_on_launch": false,
            "enable_resource_name_dns_aaaa_record_on_launch": false,
            "id": "subnet-0ceed6153241846cd",
            "ipv6_cidr_block": "",
            "ipv6_cidr_block_association_id": "",
            "ipv6_native": false,
            "map_customer_owned_ip_on_launch": false,
            "map_public_ip_on_launch": true,
            "outpost_arn": "",
            "owner_id": "640138429565",
            "private_dns_hostname_type_on_launch": "ip-name",
            "tags": {
              "Name": "harrydowsettresume Public 1a"
            },
            "tags_all": {
              "Name": "harrydowsettresume Public 1a"
            },
            "timeouts": null,
            "vpc_id": "vpc-03cf30c6f83a5be9f"
          },
          "sensitive_attributes": [],
          "private": "eyJlMmJmYjczMC1lY2FhLTExZTYtOGY4OC0zNDM2M2JjN2M0YzAiOnsiY3JlYXRlIjo2MDAwMDAwMDAwMDAsImRlbGV0ZSI6MTIwMDAwMDAwMDAwMH0sInNjaGVtYV92ZXJzaW9uIjoiMSJ9",
          "dependencies": [
            "aws_vpc.harrydowsettresume_wordpress"
          ],
          "create_before_destroy": true
        }
      ]
    },
    {
      "mode": "managed",
      "type": "aws_subnet",
      "name": "wordpress-public-1b",
      "provider": "provider[\"registry.terraform.io/hashicorp/aws\"]",
      "instances": [
        {
          "schema_version": 1,
          "attributes": {
            "arn": "arn:aws:ec2:us-east-1:640138429565:subnet/subnet-04a614f3985985d9b",
            "assign_ipv6_address_on_creation": false,
            "availability_zone": "us-east-1b",
            "availability_zone_id": "use1-az2",
            "cidr_block": "10.11.4.0/24",
            "customer_owned_ipv4_pool": "",
            "enable_dns64": false,
            "enable_resource_name_dns_a_record_on_launch": false,
            "enable_resource_name_dns_aaaa_record_on_launch": false,
            "id": "subnet-04a614f3985985d9b",
            "ipv6_cidr_block": "",
            "ipv6_cidr_block_association_id": "",
            "ipv6_native": false,
            "map_customer_owned_ip_on_launch": false,
            "map_public_ip_on_launch": true,
            "outpost_arn": "",
            "owner_id": "640138429565",
            "private_dns_hostname_type_on_launch": "ip-name",
            "tags": {
              "Name": "harrydowsettresume Public 1b"
            },
            "tags_all": {
              "Name": "harrydowsettresume Public 1b"
            },
            "timeouts": null,
            "vpc_id": "vpc-03cf30c6f83a5be9f"
          },
          "sensitive_attributes": [],
          "private": "eyJlMmJmYjczMC1lY2FhLTExZTYtOGY4OC0zNDM2M2JjN2M0YzAiOnsiY3JlYXRlIjo2MDAwMDAwMDAwMDAsImRlbGV0ZSI6MTIwMDAwMDAwMDAwMH0sInNjaGVtYV92ZXJzaW9uIjoiMSJ9",
          "dependencies": [
            "aws_vpc.harrydowsettresume_wordpress"
          ],
          "create_before_destroy": true
        }
      ]
    },
    {
      "mode": "managed",
      "type": "aws_vpc",
      "name": "harrydowsettresume_wordpress",
      "provider": "provider[\"registry.terraform.io/hashicorp/aws\"]",
      "instances": [
        {
          "schema_version": 1,
          "attributes": {
            "arn": "arn:aws:ec2:us-east-1:640138429565:vpc/vpc-03cf30c6f83a5be9f",
            "assign_generated_ipv6_cidr_block": false,
            "cidr_block": "10.11.0.0/16",
            "default_network_acl_id": "acl-00f54654e1cb6b3f6",
            "default_route_table_id": "rtb-03c25ba44d32afc13",
            "default_security_group_id": "sg-0dde3e7a17f585e96",
            "dhcp_options_id": "dopt-0c58ca604597d1b59",
            "enable_classiclink": false,
            "enable_classiclink_dns_support": false,
            "enable_dns_hostnames": true,
            "enable_dns_support": true,
            "id": "vpc-03cf30c6f83a5be9f",
            "instance_tenancy": "default",
            "ipv4_ipam_pool_id": null,
            "ipv4_netmask_length": null,
            "ipv6_association_id": "",
            "ipv6_cidr_block": "",
            "ipv6_cidr_block_network_border_group": "",
            "ipv6_ipam_pool_id": "",
            "ipv6_netmask_length": 0,
            "main_route_table_id": "rtb-03c25ba44d32afc13",
            "owner_id": "640138429565",
            "tags": {
              "Name": "Wordpress Arch"
            },
            "tags_all": {
              "Name": "Wordpress Arch"
            }
          },
          "sensitive_attributes": [],
          "private": "eyJzY2hlbWFfdmVyc2lvbiI6IjEifQ==",
          "create_before_destroy": true
        }
      ]
    }
  ]
}
